// !$*UTF8*$!
{
	archiveVersion = 1;
	classes = {
	};
	objectVersion = 50;
	objects = {

/* Begin PBXBuildFile section */
		1B2A1FF03D6AA99C5B6DA5B5 /* libPods-MonkeyDevTestDemo.a in Frameworks */ = {isa = PBXBuildFile; fileRef = 68D46179FEFEC257C5E6E9DA /* libPods-MonkeyDevTestDemo.a */; };
		1F13F0922121B49100BFFC34 /* MDConfig.plist in Resources */ = {isa = PBXBuildFile; fileRef = 1F13F0912121B49100BFFC34 /* MDConfig.plist */; };
		1F13F09C2121B49100BFFC34 /* libMonkeyDevTestDemoDylib.dylib in CopyFiles */ = {isa = PBXBuildFile; fileRef = 1F13F09B2121B49100BFFC34 /* libMonkeyDevTestDemoDylib.dylib */; settings = {ATTRIBUTES = (CodeSignOnCopy, ); }; };
		1F13F0A12121B49100BFFC34 /* JavaScriptCore.framework in Frameworks */ = {isa = PBXBuildFile; fileRef = 1F13F0A02121B49100BFFC34 /* JavaScriptCore.framework */; };
		1F13F0A32121B49100BFFC34 /* Foundation.framework in Frameworks */ = {isa = PBXBuildFile; fileRef = 1F13F0A22121B49100BFFC34 /* Foundation.framework */; };
		1F13F0A52121B49100BFFC34 /* UIKit.framework in Frameworks */ = {isa = PBXBuildFile; fileRef = 1F13F0A42121B49100BFFC34 /* UIKit.framework */; };
		1F13F0AA2121B49100BFFC34 /* MonkeyDevTestDemoDylib.mm in Sources */ = {isa = PBXBuildFile; fileRef = 1F13F0A92121B49100BFFC34 /* MonkeyDevTestDemoDylib.mm */; };
		1F13F0AD2121B49200BFFC34 /* MDConfigManager.h in Headers */ = {isa = PBXBuildFile; fileRef = 1F13F0AC2121B49200BFFC34 /* MDConfigManager.h */; };
		1F13F0AF2121B49200BFFC34 /* MDConfigManager.m in Sources */ = {isa = PBXBuildFile; fileRef = 1F13F0AE2121B49200BFFC34 /* MDConfigManager.m */; };
		1F13F0B12121B49200BFFC34 /* MDCycriptManager.h in Headers */ = {isa = PBXBuildFile; fileRef = 1F13F0B02121B49200BFFC34 /* MDCycriptManager.h */; };
		1F13F0B32121B49200BFFC34 /* MDCycriptManager.m in Sources */ = {isa = PBXBuildFile; fileRef = 1F13F0B22121B49200BFFC34 /* MDCycriptManager.m */; };
		1F13F0B52121B49200BFFC34 /* MDMethodTrace.h in Headers */ = {isa = PBXBuildFile; fileRef = 1F13F0B42121B49200BFFC34 /* MDMethodTrace.h */; };
		1F13F0B72121B49200BFFC34 /* MDMethodTrace.m in Sources */ = {isa = PBXBuildFile; fileRef = 1F13F0B62121B49200BFFC34 /* MDMethodTrace.m */; };
		1F13F0B92121B49200BFFC34 /* ANYMethodLog.h in Headers */ = {isa = PBXBuildFile; fileRef = 1F13F0B82121B49200BFFC34 /* ANYMethodLog.h */; };
		1F13F0BB2121B49200BFFC34 /* ANYMethodLog.m in Sources */ = {isa = PBXBuildFile; fileRef = 1F13F0BA2121B49200BFFC34 /* ANYMethodLog.m */; };
		1F13F0BE2121B49200BFFC34 /* LLDBTools.h in Headers */ = {isa = PBXBuildFile; fileRef = 1F13F0BD2121B49200BFFC34 /* LLDBTools.h */; };
		1F13F0C02121B49200BFFC34 /* LLDBTools.mm in Sources */ = {isa = PBXBuildFile; fileRef = 1F13F0BF2121B49200BFFC34 /* LLDBTools.mm */; };
		1F13F0C52121B49200BFFC34 /* AntiAntiDebug.m in Sources */ = {isa = PBXBuildFile; fileRef = 1F13F0C42121B49200BFFC34 /* AntiAntiDebug.m */; };
		1F13F0C82121B49200BFFC34 /* fishhook.c in Sources */ = {isa = PBXBuildFile; fileRef = 1F13F0C72121B49200BFFC34 /* fishhook.c */; };
		1F13F0CA2121B49200BFFC34 /* fishhook.h in Headers */ = {isa = PBXBuildFile; fileRef = 1F13F0C92121B49200BFFC34 /* fishhook.h */; };
		1F13F0CC2121B49200BFFC34 /* MonkeyDevTestDemoDylib.h in Headers */ = {isa = PBXBuildFile; fileRef = 1F13F0CB2121B49200BFFC34 /* MonkeyDevTestDemoDylib.h */; };
		1F13F0CE2121B49200BFFC34 /* MonkeyDevTestDemoDylib.m in Sources */ = {isa = PBXBuildFile; fileRef = 1F13F0CD2121B49200BFFC34 /* MonkeyDevTestDemoDylib.m */; };
		6B0E651E50680E2A04BE06AF /* Pods_MonkeyDevTestDemoDylib.framework in Frameworks */ = {isa = PBXBuildFile; fileRef = 8B851DFA9CF323D29164F5B1 /* Pods_MonkeyDevTestDemoDylib.framework */; };
		EB2F7B96212AEC8500FAF3DF /* PTFakeTouch.framework in Frameworks */ = {isa = PBXBuildFile; fileRef = EB2F7B95212AEC8500FAF3DF /* PTFakeTouch.framework */; };
		EB2F7B98212AECE500FAF3DF /* IOKit.framework in Frameworks */ = {isa = PBXBuildFile; fileRef = EB2F7B97212AECE500FAF3DF /* IOKit.framework */; };
/* End PBXBuildFile section */

/* Begin PBXContainerItemProxy section */
		1F13F09D2121B49100BFFC34 /* PBXContainerItemProxy */ = {
			isa = PBXContainerItemProxy;
			containerPortal = 1F13F07E2121B49100BFFC34 /* Project object */;
			proxyType = 1;
			remoteGlobalIDString = 1F13F09A2121B49100BFFC34;
			remoteInfo = MonkeyDevTestDemoDylib;
		};
/* End PBXContainerItemProxy section */

/* Begin PBXCopyFilesBuildPhase section */
		1F13F0862121B49100BFFC34 /* CopyFiles */ = {
			isa = PBXCopyFilesBuildPhase;
			buildActionMask = 2147483647;
			dstPath = "";
			dstSubfolderSpec = 10;
			files = (
				1F13F09C2121B49100BFFC34 /* libMonkeyDevTestDemoDylib.dylib in CopyFiles */,
			);
			runOnlyForDeploymentPostprocessing = 0;
		};
/* End PBXCopyFilesBuildPhase section */

/* Begin PBXFileReference section */
		13F7B5829A2AFDB134DB724A /* Pods-MonkeyDevTestDemoDylib.debug.xcconfig */ = {isa = PBXFileReference; includeInIndex = 1; lastKnownFileType = text.xcconfig; name = "Pods-MonkeyDevTestDemoDylib.debug.xcconfig"; path = "Pods/Target Support Files/Pods-MonkeyDevTestDemoDylib/Pods-MonkeyDevTestDemoDylib.debug.xcconfig"; sourceTree = "<group>"; };
		1F13F0892121B49100BFFC34 /* MonkeyDevTestDemo.app */ = {isa = PBXFileReference; explicitFileType = wrapper.application; includeInIndex = 0; path = MonkeyDevTestDemo.app; sourceTree = BUILT_PRODUCTS_DIR; };
		1F13F08C2121B49100BFFC34 /* icon.png */ = {isa = PBXFileReference; lastKnownFileType = image.png; path = icon.png; sourceTree = "<group>"; };
		1F13F08D2121B49100BFFC34 /* Target.plist */ = {isa = PBXFileReference; lastKnownFileType = text.plist.xml; path = Target.plist; sourceTree = "<group>"; };
		1F13F08F2121B49100BFFC34 /* quick-resign.sh */ = {isa = PBXFileReference; lastKnownFileType = text.script.sh; name = "quick-resign.sh"; path = "Scripts/quick-resign.sh"; sourceTree = "<group>"; };
		1F13F0912121B49100BFFC34 /* MDConfig.plist */ = {isa = PBXFileReference; lastKnownFileType = text.plist.xml; name = MDConfig.plist; path = Config/MDConfig.plist; sourceTree = "<group>"; };
		1F13F0942121B49100BFFC34 /* put ipa or app here */ = {isa = PBXFileReference; lastKnownFileType = text; name = "put ipa or app here"; path = "TargetApp/put ipa or app here"; sourceTree = "<group>"; };
		1F13F0952121B49100BFFC34 /* Info.plist */ = {isa = PBXFileReference; lastKnownFileType = text.plist.xml; path = Info.plist; sourceTree = "<group>"; };
		1F13F09B2121B49100BFFC34 /* libMonkeyDevTestDemoDylib.dylib */ = {isa = PBXFileReference; explicitFileType = "compiled.mach-o.dylib"; includeInIndex = 0; path = libMonkeyDevTestDemoDylib.dylib; sourceTree = BUILT_PRODUCTS_DIR; };
		1F13F0A02121B49100BFFC34 /* JavaScriptCore.framework */ = {isa = PBXFileReference; lastKnownFileType = wrapper.framework; name = JavaScriptCore.framework; path = System/Library/Frameworks/JavaScriptCore.framework; sourceTree = SDKROOT; };
		1F13F0A22121B49100BFFC34 /* Foundation.framework */ = {isa = PBXFileReference; lastKnownFileType = wrapper.framework; name = Foundation.framework; path = System/Library/Frameworks/Foundation.framework; sourceTree = SDKROOT; };
		1F13F0A42121B49100BFFC34 /* UIKit.framework */ = {isa = PBXFileReference; lastKnownFileType = wrapper.framework; name = UIKit.framework; path = System/Library/Frameworks/UIKit.framework; sourceTree = SDKROOT; };
		1F13F0A82121B49100BFFC34 /* MonkeyDevTestDemoDylib.xm */ = {isa = PBXFileReference; explicitFileType = sourcecode.cpp.objcpp.preprocessed; name = MonkeyDevTestDemoDylib.xm; path = Logos/MonkeyDevTestDemoDylib.xm; sourceTree = "<group>"; };
		1F13F0A92121B49100BFFC34 /* MonkeyDevTestDemoDylib.mm */ = {isa = PBXFileReference; lastKnownFileType = sourcecode.cpp.objcpp; name = MonkeyDevTestDemoDylib.mm; path = Logos/MonkeyDevTestDemoDylib.mm; sourceTree = "<group>"; };
		1F13F0AC2121B49200BFFC34 /* MDConfigManager.h */ = {isa = PBXFileReference; lastKnownFileType = sourcecode.c.h; name = MDConfigManager.h; path = Config/MDConfigManager.h; sourceTree = "<group>"; };
		1F13F0AE2121B49200BFFC34 /* MDConfigManager.m */ = {isa = PBXFileReference; lastKnownFileType = sourcecode.c.objc; name = MDConfigManager.m; path = Config/MDConfigManager.m; sourceTree = "<group>"; };
		1F13F0B02121B49200BFFC34 /* MDCycriptManager.h */ = {isa = PBXFileReference; lastKnownFileType = sourcecode.c.h; name = MDCycriptManager.h; path = Config/MDCycriptManager.h; sourceTree = "<group>"; };
		1F13F0B22121B49200BFFC34 /* MDCycriptManager.m */ = {isa = PBXFileReference; lastKnownFileType = sourcecode.c.objc; name = MDCycriptManager.m; path = Config/MDCycriptManager.m; sourceTree = "<group>"; };
		1F13F0B42121B49200BFFC34 /* MDMethodTrace.h */ = {isa = PBXFileReference; lastKnownFileType = sourcecode.c.h; name = MDMethodTrace.h; path = Config/MDMethodTrace.h; sourceTree = "<group>"; };
		1F13F0B62121B49200BFFC34 /* MDMethodTrace.m */ = {isa = PBXFileReference; lastKnownFileType = sourcecode.c.objc; name = MDMethodTrace.m; path = Config/MDMethodTrace.m; sourceTree = "<group>"; };
		1F13F0B82121B49200BFFC34 /* ANYMethodLog.h */ = {isa = PBXFileReference; lastKnownFileType = sourcecode.c.h; name = ANYMethodLog.h; path = Config/ANYMethodLog.h; sourceTree = "<group>"; };
		1F13F0BA2121B49200BFFC34 /* ANYMethodLog.m */ = {isa = PBXFileReference; lastKnownFileType = sourcecode.c.objc; name = ANYMethodLog.m; path = Config/ANYMethodLog.m; sourceTree = "<group>"; };
		1F13F0BD2121B49200BFFC34 /* LLDBTools.h */ = {isa = PBXFileReference; lastKnownFileType = sourcecode.c.h; name = LLDBTools.h; path = Tools/LLDBTools.h; sourceTree = "<group>"; };
		1F13F0BF2121B49200BFFC34 /* LLDBTools.mm */ = {isa = PBXFileReference; lastKnownFileType = sourcecode.cpp.objcpp; name = LLDBTools.mm; path = Tools/LLDBTools.mm; sourceTree = "<group>"; };
		1F13F0C22121B49200BFFC34 /* MonkeyDevTestDemoDylib-Prefix.pch */ = {isa = PBXFileReference; lastKnownFileType = sourcecode.c.h; path = "MonkeyDevTestDemoDylib-Prefix.pch"; sourceTree = "<group>"; };
		1F13F0C42121B49200BFFC34 /* AntiAntiDebug.m */ = {isa = PBXFileReference; lastKnownFileType = sourcecode.c.objc; name = AntiAntiDebug.m; path = AntiAntiDebug/AntiAntiDebug.m; sourceTree = "<group>"; };
		1F13F0C72121B49200BFFC34 /* fishhook.c */ = {isa = PBXFileReference; lastKnownFileType = sourcecode.c.c; name = fishhook.c; path = fishhook/fishhook.c; sourceTree = "<group>"; };
		1F13F0C92121B49200BFFC34 /* fishhook.h */ = {isa = PBXFileReference; lastKnownFileType = sourcecode.c.h; name = fishhook.h; path = fishhook/fishhook.h; sourceTree = "<group>"; };
		1F13F0CB2121B49200BFFC34 /* MonkeyDevTestDemoDylib.h */ = {isa = PBXFileReference; lastKnownFileType = sourcecode.c.h; path = MonkeyDevTestDemoDylib.h; sourceTree = "<group>"; };
		1F13F0CD2121B49200BFFC34 /* MonkeyDevTestDemoDylib.m */ = {isa = PBXFileReference; lastKnownFileType = sourcecode.c.objc; path = MonkeyDevTestDemoDylib.m; sourceTree = "<group>"; };
		389C3F75BFAD63998B8D36C9 /* Pods-MonkeyDevTestDemo.release.xcconfig */ = {isa = PBXFileReference; includeInIndex = 1; lastKnownFileType = text.xcconfig; name = "Pods-MonkeyDevTestDemo.release.xcconfig"; path = "Pods/Target Support Files/Pods-MonkeyDevTestDemo/Pods-MonkeyDevTestDemo.release.xcconfig"; sourceTree = "<group>"; };
		3A030A06CD117638A966FB68 /* Pods-MonkeyDevTestDemoDylib.release.xcconfig */ = {isa = PBXFileReference; includeInIndex = 1; lastKnownFileType = text.xcconfig; name = "Pods-MonkeyDevTestDemoDylib.release.xcconfig"; path = "Pods/Target Support Files/Pods-MonkeyDevTestDemoDylib/Pods-MonkeyDevTestDemoDylib.release.xcconfig"; sourceTree = "<group>"; };
		3B362C41A6A16C1B22CDC3C0 /* Pods-MonkeyDevTestDemo.debug.xcconfig */ = {isa = PBXFileReference; includeInIndex = 1; lastKnownFileType = text.xcconfig; name = "Pods-MonkeyDevTestDemo.debug.xcconfig"; path = "Pods/Target Support Files/Pods-MonkeyDevTestDemo/Pods-MonkeyDevTestDemo.debug.xcconfig"; sourceTree = "<group>"; };
		68D46179FEFEC257C5E6E9DA /* libPods-MonkeyDevTestDemo.a */ = {isa = PBXFileReference; explicitFileType = archive.ar; includeInIndex = 0; path = "libPods-MonkeyDevTestDemo.a"; sourceTree = BUILT_PRODUCTS_DIR; };
		8B851DFA9CF323D29164F5B1 /* Pods_MonkeyDevTestDemoDylib.framework */ = {isa = PBXFileReference; explicitFileType = wrapper.framework; includeInIndex = 0; path = Pods_MonkeyDevTestDemoDylib.framework; sourceTree = BUILT_PRODUCTS_DIR; };
		EB08E34F2126C18000BA63F1 /* Header.h */ = {isa = PBXFileReference; lastKnownFileType = sourcecode.c.h; path = Header.h; sourceTree = "<group>"; };
		EB2F7B95212AEC8500FAF3DF /* PTFakeTouch.framework */ = {isa = PBXFileReference; lastKnownFileType = wrapper.framework; path = PTFakeTouch.framework; sourceTree = "<group>"; };
		EB2F7B97212AECE500FAF3DF /* IOKit.framework */ = {isa = PBXFileReference; lastKnownFileType = wrapper.framework; path = IOKit.framework; sourceTree = "<group>"; };
/* End PBXFileReference section */

/* Begin PBXFrameworksBuildPhase section */
		1F13F0832121B49100BFFC34 /* Frameworks */ = {
			isa = PBXFrameworksBuildPhase;
			buildActionMask = 2147483647;
			files = (
				1B2A1FF03D6AA99C5B6DA5B5 /* libPods-MonkeyDevTestDemo.a in Frameworks */,
			);
			runOnlyForDeploymentPostprocessing = 0;
		};
		1F13F0982121B49100BFFC34 /* Frameworks */ = {
			isa = PBXFrameworksBuildPhase;
			buildActionMask = 2147483647;
			files = (
				1F13F0A12121B49100BFFC34 /* JavaScriptCore.framework in Frameworks */,
				1F13F0A52121B49100BFFC34 /* UIKit.framework in Frameworks */,
				EB2F7B96212AEC8500FAF3DF /* PTFakeTouch.framework in Frameworks */,
				1F13F0A32121B49100BFFC34 /* Foundation.framework in Frameworks */,
				6B0E651E50680E2A04BE06AF /* Pods_MonkeyDevTestDemoDylib.framework in Frameworks */,
				EB2F7B98212AECE500FAF3DF /* IOKit.framework in Frameworks */,
			);
			runOnlyForDeploymentPostprocessing = 0;
		};
/* End PBXFrameworksBuildPhase section */

/* Begin PBXGroup section */
		1F13F07D2121B49100BFFC34 = {
			isa = PBXGroup;
			children = (
				1F13F08B2121B49100BFFC34 /* MonkeyDevTestDemo */,
				1F13F0A62121B49100BFFC34 /* MonkeyDevTestDemoDylib */,
				1F13F09F2121B49100BFFC34 /* Frameworks */,
				1F13F08A2121B49100BFFC34 /* Products */,
				58AFDAC952DE07933D8DA1C2 /* Pods */,
			);
			sourceTree = "<group>";
		};
		1F13F08A2121B49100BFFC34 /* Products */ = {
			isa = PBXGroup;
			children = (
				1F13F0892121B49100BFFC34 /* MonkeyDevTestDemo.app */,
				1F13F09B2121B49100BFFC34 /* libMonkeyDevTestDemoDylib.dylib */,
			);
			name = Products;
			sourceTree = "<group>";
		};
		1F13F08B2121B49100BFFC34 /* MonkeyDevTestDemo */ = {
			isa = PBXGroup;
			children = (
				1F13F08C2121B49100BFFC34 /* icon.png */,
				1F13F08D2121B49100BFFC34 /* Target.plist */,
				1F13F0952121B49100BFFC34 /* Info.plist */,
				1F13F08E2121B49100BFFC34 /* Scripts */,
				1F13F0902121B49100BFFC34 /* Config */,
				1F13F0932121B49100BFFC34 /* TargetApp */,
			);
			path = MonkeyDevTestDemo;
			sourceTree = "<group>";
		};
		1F13F08E2121B49100BFFC34 /* Scripts */ = {
			isa = PBXGroup;
			children = (
				1F13F08F2121B49100BFFC34 /* quick-resign.sh */,
			);
			name = Scripts;
			sourceTree = "<group>";
		};
		1F13F0902121B49100BFFC34 /* Config */ = {
			isa = PBXGroup;
			children = (
				1F13F0912121B49100BFFC34 /* MDConfig.plist */,
			);
			name = Config;
			sourceTree = "<group>";
		};
		1F13F0932121B49100BFFC34 /* TargetApp */ = {
			isa = PBXGroup;
			children = (
				1F13F0942121B49100BFFC34 /* put ipa or app here */,
			);
			name = TargetApp;
			sourceTree = "<group>";
		};
		1F13F09F2121B49100BFFC34 /* Frameworks */ = {
			isa = PBXGroup;
			children = (
				EB2F7B97212AECE500FAF3DF /* IOKit.framework */,
				EB2F7B95212AEC8500FAF3DF /* PTFakeTouch.framework */,
				1F13F0A02121B49100BFFC34 /* JavaScriptCore.framework */,
				1F13F0A22121B49100BFFC34 /* Foundation.framework */,
				1F13F0A42121B49100BFFC34 /* UIKit.framework */,
				68D46179FEFEC257C5E6E9DA /* libPods-MonkeyDevTestDemo.a */,
				8B851DFA9CF323D29164F5B1 /* Pods_MonkeyDevTestDemoDylib.framework */,
			);
			name = Frameworks;
			sourceTree = "<group>";
		};
		1F13F0A62121B49100BFFC34 /* MonkeyDevTestDemoDylib */ = {
			isa = PBXGroup;
			children = (
				1F13F0CB2121B49200BFFC34 /* MonkeyDevTestDemoDylib.h */,
				1F13F0CD2121B49200BFFC34 /* MonkeyDevTestDemoDylib.m */,
				1F13F0A72121B49100BFFC34 /* Logos */,
				1F13F0AB2121B49200BFFC34 /* Config */,
				1F13F0BC2121B49200BFFC34 /* Tools */,
				1F13F0C32121B49200BFFC34 /* AntiAntiDebug */,
				1F13F0C62121B49200BFFC34 /* fishhook */,
				1F13F0C12121B49200BFFC34 /* Supporting Files */,
			);
			path = MonkeyDevTestDemoDylib;
			sourceTree = "<group>";
		};
		1F13F0A72121B49100BFFC34 /* Logos */ = {
			isa = PBXGroup;
			children = (
				EB08E34F2126C18000BA63F1 /* Header.h */,
				1F13F0A82121B49100BFFC34 /* MonkeyDevTestDemoDylib.xm */,
				1F13F0A92121B49100BFFC34 /* MonkeyDevTestDemoDylib.mm */,
			);
			name = Logos;
			sourceTree = "<group>";
		};
		1F13F0AB2121B49200BFFC34 /* Config */ = {
			isa = PBXGroup;
			children = (
				1F13F0AC2121B49200BFFC34 /* MDConfigManager.h */,
				1F13F0AE2121B49200BFFC34 /* MDConfigManager.m */,
				1F13F0B02121B49200BFFC34 /* MDCycriptManager.h */,
				1F13F0B22121B49200BFFC34 /* MDCycriptManager.m */,
				1F13F0B42121B49200BFFC34 /* MDMethodTrace.h */,
				1F13F0B62121B49200BFFC34 /* MDMethodTrace.m */,
				1F13F0B82121B49200BFFC34 /* ANYMethodLog.h */,
				1F13F0BA2121B49200BFFC34 /* ANYMethodLog.m */,
			);
			name = Config;
			sourceTree = "<group>";
		};
		1F13F0BC2121B49200BFFC34 /* Tools */ = {
			isa = PBXGroup;
			children = (
				1F13F0BD2121B49200BFFC34 /* LLDBTools.h */,
				1F13F0BF2121B49200BFFC34 /* LLDBTools.mm */,
			);
			name = Tools;
			sourceTree = "<group>";
		};
		1F13F0C12121B49200BFFC34 /* Supporting Files */ = {
			isa = PBXGroup;
			children = (
				1F13F0C22121B49200BFFC34 /* MonkeyDevTestDemoDylib-Prefix.pch */,
			);
			name = "Supporting Files";
			sourceTree = "<group>";
		};
		1F13F0C32121B49200BFFC34 /* AntiAntiDebug */ = {
			isa = PBXGroup;
			children = (
				1F13F0C42121B49200BFFC34 /* AntiAntiDebug.m */,
			);
			name = AntiAntiDebug;
			sourceTree = "<group>";
		};
		1F13F0C62121B49200BFFC34 /* fishhook */ = {
			isa = PBXGroup;
			children = (
				1F13F0C72121B49200BFFC34 /* fishhook.c */,
				1F13F0C92121B49200BFFC34 /* fishhook.h */,
			);
			name = fishhook;
			sourceTree = "<group>";
		};
		58AFDAC952DE07933D8DA1C2 /* Pods */ = {
			isa = PBXGroup;
			children = (
				3B362C41A6A16C1B22CDC3C0 /* Pods-MonkeyDevTestDemo.debug.xcconfig */,
				389C3F75BFAD63998B8D36C9 /* Pods-MonkeyDevTestDemo.release.xcconfig */,
				13F7B5829A2AFDB134DB724A /* Pods-MonkeyDevTestDemoDylib.debug.xcconfig */,
				3A030A06CD117638A966FB68 /* Pods-MonkeyDevTestDemoDylib.release.xcconfig */,
			);
			name = Pods;
			sourceTree = "<group>";
		};
/* End PBXGroup section */

/* Begin PBXHeadersBuildPhase section */
		1F13F0992121B49100BFFC34 /* Headers */ = {
			isa = PBXHeadersBuildPhase;
			buildActionMask = 2147483647;
			files = (
				1F13F0B12121B49200BFFC34 /* MDCycriptManager.h in Headers */,
				1F13F0B52121B49200BFFC34 /* MDMethodTrace.h in Headers */,
				1F13F0BE2121B49200BFFC34 /* LLDBTools.h in Headers */,
				1F13F0AD2121B49200BFFC34 /* MDConfigManager.h in Headers */,
				1F13F0CC2121B49200BFFC34 /* MonkeyDevTestDemoDylib.h in Headers */,
				1F13F0B92121B49200BFFC34 /* ANYMethodLog.h in Headers */,
				1F13F0CA2121B49200BFFC34 /* fishhook.h in Headers */,
			);
			runOnlyForDeploymentPostprocessing = 0;
		};
/* End PBXHeadersBuildPhase section */

/* Begin PBXNativeTarget section */
		1F13F0882121B49100BFFC34 /* MonkeyDevTestDemo */ = {
			isa = PBXNativeTarget;
			buildConfigurationList = 1F13F0D42121B49200BFFC34 /* Build configuration list for PBXNativeTarget "MonkeyDevTestDemo" */;
			buildPhases = (
				F807DCA6B64F78197903EED6 /* [CP] Check Pods Manifest.lock */,
				1F13F0822121B49100BFFC34 /* Sources */,
				1F13F0832121B49100BFFC34 /* Frameworks */,
				1F13F0842121B49100BFFC34 /* ShellScript */,
				1F13F0852121B49100BFFC34 /* Resources */,
				1F13F0862121B49100BFFC34 /* CopyFiles */,
				1F13F0872121B49100BFFC34 /* ShellScript */,
			);
			buildRules = (
			);
			dependencies = (
				1F13F09E2121B49100BFFC34 /* PBXTargetDependency */,
			);
			name = MonkeyDevTestDemo;
			productName = MonkeyDevTestDemo;
			productReference = 1F13F0892121B49100BFFC34 /* MonkeyDevTestDemo.app */;
			productType = "com.apple.product-type.application";
		};
		1F13F09A2121B49100BFFC34 /* MonkeyDevTestDemoDylib */ = {
			isa = PBXNativeTarget;
			buildConfigurationList = 1F13F0D12121B49200BFFC34 /* Build configuration list for PBXNativeTarget "MonkeyDevTestDemoDylib" */;
			buildPhases = (
				E0E740871D40334DD3C8C0C8 /* [CP] Check Pods Manifest.lock */,
				1F13F0962121B49100BFFC34 /* ShellScript */,
				1F13F0972121B49100BFFC34 /* Sources */,
				1F13F0982121B49100BFFC34 /* Frameworks */,
				1F13F0992121B49100BFFC34 /* Headers */,
			);
			buildRules = (
			);
			dependencies = (
			);
			name = MonkeyDevTestDemoDylib;
			productName = MonkeyDevTestDemoDylib;
			productReference = 1F13F09B2121B49100BFFC34 /* libMonkeyDevTestDemoDylib.dylib */;
			productType = "com.apple.product-type.library.dynamic";
		};
/* End PBXNativeTarget section */

/* Begin PBXProject section */
		1F13F07E2121B49100BFFC34 /* Project object */ = {
			isa = PBXProject;
			attributes = {
				LastUpgradeCheck = 1000;
				ORGANIZATIONNAME = chenWei;
				TargetAttributes = {
					1F13F0882121B49100BFFC34 = {
						CreatedOnToolsVersion = 10.0;
					};
					1F13F09A2121B49100BFFC34 = {
						CreatedOnToolsVersion = 10.0;
					};
				};
			};
			buildConfigurationList = 1F13F0812121B49100BFFC34 /* Build configuration list for PBXProject "MonkeyDevTestDemo" */;
			compatibilityVersion = "Xcode 9.3";
			developmentRegion = en;
			hasScannedForEncodings = 0;
			knownRegions = (
				en,
			);
			mainGroup = 1F13F07D2121B49100BFFC34;
			productRefGroup = 1F13F08A2121B49100BFFC34 /* Products */;
			projectDirPath = "";
			projectRoot = "";
			targets = (
				1F13F0882121B49100BFFC34 /* MonkeyDevTestDemo */,
				1F13F09A2121B49100BFFC34 /* MonkeyDevTestDemoDylib */,
			);
		};
/* End PBXProject section */

/* Begin PBXResourcesBuildPhase section */
		1F13F0852121B49100BFFC34 /* Resources */ = {
			isa = PBXResourcesBuildPhase;
			buildActionMask = 2147483647;
			files = (
				1F13F0922121B49100BFFC34 /* MDConfig.plist in Resources */,
			);
			runOnlyForDeploymentPostprocessing = 0;
		};
/* End PBXResourcesBuildPhase section */

/* Begin PBXShellScriptBuildPhase section */
		1F13F0842121B49100BFFC34 /* ShellScript */ = {
			isa = PBXShellScriptBuildPhase;
			buildActionMask = 2147483647;
			files = (
			);
			inputPaths = (
			);
			outputPaths = (
			);
			runOnlyForDeploymentPostprocessing = 0;
			shellPath = /bin/sh;
			shellScript = /opt/MonkeyDev/Tools/pack.sh;
		};
		1F13F0872121B49100BFFC34 /* ShellScript */ = {
			isa = PBXShellScriptBuildPhase;
			buildActionMask = 2147483647;
			files = (
			);
			inputPaths = (
			);
			outputPaths = (
			);
			runOnlyForDeploymentPostprocessing = 0;
			shellPath = /bin/sh;
			shellScript = "/opt/MonkeyDev/Tools/pack.sh codesign";
		};
		1F13F0962121B49100BFFC34 /* ShellScript */ = {
			isa = PBXShellScriptBuildPhase;
			buildActionMask = 2147483647;
			files = (
			);
			inputPaths = (
			);
			outputPaths = (
			);
			runOnlyForDeploymentPostprocessing = 0;
			shellPath = /bin/sh;
			shellScript = "/opt/MonkeyDev/bin/md --xcbp-logos";
		};
		E0E740871D40334DD3C8C0C8 /* [CP] Check Pods Manifest.lock */ = {
			isa = PBXShellScriptBuildPhase;
			buildActionMask = 2147483647;
			files = (
			);
			inputPaths = (
				"${PODS_PODFILE_DIR_PATH}/Podfile.lock",
				"${PODS_ROOT}/Manifest.lock",
			);
			name = "[CP] Check Pods Manifest.lock";
			outputPaths = (
				"$(DERIVED_FILE_DIR)/Pods-MonkeyDevTestDemoDylib-checkManifestLockResult.txt",
			);
			runOnlyForDeploymentPostprocessing = 0;
			shellPath = /bin/sh;
			shellScript = "diff \"${PODS_PODFILE_DIR_PATH}/Podfile.lock\" \"${PODS_ROOT}/Manifest.lock\" > /dev/null\nif [ $? != 0 ] ; then\n    # print error to STDERR\n    echo \"error: The sandbox is not in sync with the Podfile.lock. Run 'pod install' or update your CocoaPods installation.\" >&2\n    exit 1\nfi\n# This output is used by Xcode 'outputs' to avoid re-running this script phase.\necho \"SUCCESS\" > \"${SCRIPT_OUTPUT_FILE_0}\"\n";
			showEnvVarsInLog = 0;
		};
		F807DCA6B64F78197903EED6 /* [CP] Check Pods Manifest.lock */ = {
			isa = PBXShellScriptBuildPhase;
			buildActionMask = 2147483647;
			files = (
			);
			inputPaths = (
				"${PODS_PODFILE_DIR_PATH}/Podfile.lock",
				"${PODS_ROOT}/Manifest.lock",
			);
			name = "[CP] Check Pods Manifest.lock";
			outputPaths = (
				"$(DERIVED_FILE_DIR)/Pods-MonkeyDevTestDemo-checkManifestLockResult.txt",
			);
			runOnlyForDeploymentPostprocessing = 0;
			shellPath = /bin/sh;
			shellScript = "diff \"${PODS_PODFILE_DIR_PATH}/Podfile.lock\" \"${PODS_ROOT}/Manifest.lock\" > /dev/null\nif [ $? != 0 ] ; then\n    # print error to STDERR\n    echo \"error: The sandbox is not in sync with the Podfile.lock. Run 'pod install' or update your CocoaPods installation.\" >&2\n    exit 1\nfi\n# This output is used by Xcode 'outputs' to avoid re-running this script phase.\necho \"SUCCESS\" > \"${SCRIPT_OUTPUT_FILE_0}\"\n";
			showEnvVarsInLog = 0;
		};
/* End PBXShellScriptBuildPhase section */

/* Begin PBXSourcesBuildPhase section */
		1F13F0822121B49100BFFC34 /* Sources */ = {
			isa = PBXSourcesBuildPhase;
			buildActionMask = 2147483647;
			files = (
			);
			runOnlyForDeploymentPostprocessing = 0;
		};
		1F13F0972121B49100BFFC34 /* Sources */ = {
			isa = PBXSourcesBuildPhase;
			buildActionMask = 2147483647;
			files = (
				1F13F0B32121B49200BFFC34 /* MDCycriptManager.m in Sources */,
				1F13F0BB2121B49200BFFC34 /* ANYMethodLog.m in Sources */,
				1F13F0AF2121B49200BFFC34 /* MDConfigManager.m in Sources */,
				1F13F0C02121B49200BFFC34 /* LLDBTools.mm in Sources */,
				1F13F0AA2121B49100BFFC34 /* MonkeyDevTestDemoDylib.mm in Sources */,
				1F13F0B72121B49200BFFC34 /* MDMethodTrace.m in Sources */,
				1F13F0CE2121B49200BFFC34 /* MonkeyDevTestDemoDylib.m in Sources */,
				1F13F0C82121B49200BFFC34 /* fishhook.c in Sources */,
				1F13F0C52121B49200BFFC34 /* AntiAntiDebug.m in Sources */,
			);
			runOnlyForDeploymentPostprocessing = 0;
		};
/* End PBXSourcesBuildPhase section */

/* Begin PBXTargetDependency section */
		1F13F09E2121B49100BFFC34 /* PBXTargetDependency */ = {
			isa = PBXTargetDependency;
			target = 1F13F09A2121B49100BFFC34 /* MonkeyDevTestDemoDylib */;
			targetProxy = 1F13F09D2121B49100BFFC34 /* PBXContainerItemProxy */;
		};
/* End PBXTargetDependency section */

/* Begin XCBuildConfiguration section */
		1F13F0CF2121B49200BFFC34 /* Debug */ = {
			isa = XCBuildConfiguration;
			buildSettings = {
				ALWAYS_SEARCH_USER_PATHS = NO;
				CLANG_ANALYZER_NONNULL = YES;
				CLANG_ANALYZER_NUMBER_OBJECT_CONVERSION = YES_AGGRESSIVE;
				CLANG_CXX_LANGUAGE_STANDARD = "gnu++14";
				CLANG_CXX_LIBRARY = "libc++";
				CLANG_ENABLE_MODULES = YES;
				CLANG_ENABLE_OBJC_ARC = YES;
				CLANG_ENABLE_OBJC_WEAK = YES;
				CLANG_WARN_BLOCK_CAPTURE_AUTORELEASING = YES;
				CLANG_WARN_BOOL_CONVERSION = YES;
				CLANG_WARN_COMMA = YES;
				CLANG_WARN_CONSTANT_CONVERSION = YES;
				CLANG_WARN_DEPRECATED_OBJC_IMPLEMENTATIONS = YES;
				CLANG_WARN_DIRECT_OBJC_ISA_USAGE = YES_ERROR;
				CLANG_WARN_DOCUMENTATION_COMMENTS = YES;
				CLANG_WARN_EMPTY_BODY = YES;
				CLANG_WARN_ENUM_CONVERSION = YES;
				CLANG_WARN_INFINITE_RECURSION = YES;
				CLANG_WARN_INT_CONVERSION = YES;
				CLANG_WARN_NON_LITERAL_NULL_CONVERSION = YES;
				CLANG_WARN_OBJC_IMPLICIT_RETAIN_SELF = YES;
				CLANG_WARN_OBJC_LITERAL_CONVERSION = YES;
				CLANG_WARN_OBJC_ROOT_CLASS = YES_ERROR;
				CLANG_WARN_RANGE_LOOP_ANALYSIS = YES;
				CLANG_WARN_STRICT_PROTOTYPES = YES;
				CLANG_WARN_SUSPICIOUS_MOVE = YES;
				CLANG_WARN_UNGUARDED_AVAILABILITY = YES_AGGRESSIVE;
				CLANG_WARN_UNREACHABLE_CODE = YES;
				CLANG_WARN__DUPLICATE_METHOD_MATCH = YES;
				CODE_SIGN_IDENTITY = "iPhone Developer";
				COPY_PHASE_STRIP = NO;
				DEBUG_INFORMATION_FORMAT = dwarf;
				ENABLE_STRICT_OBJC_MSGSEND = YES;
				ENABLE_TESTABILITY = YES;
				GCC_C_LANGUAGE_STANDARD = gnu11;
				GCC_DYNAMIC_NO_PIC = NO;
				GCC_NO_COMMON_BLOCKS = YES;
				GCC_OPTIMIZATION_LEVEL = 0;
				GCC_PREPROCESSOR_DEFINITIONS = (
					"DEBUG=1",
					"$(inherited)",
				);
				GCC_WARN_64_TO_32_BIT_CONVERSION = YES;
				GCC_WARN_ABOUT_RETURN_TYPE = YES_ERROR;
				GCC_WARN_UNDECLARED_SELECTOR = YES;
				GCC_WARN_UNINITIALIZED_AUTOS = YES_AGGRESSIVE;
				GCC_WARN_UNUSED_FUNCTION = YES;
				GCC_WARN_UNUSED_VARIABLE = YES;
				IPHONEOS_DEPLOYMENT_TARGET = 8.0;
				MTL_ENABLE_DEBUG_INFO = INCLUDE_SOURCE;
				MTL_FAST_MATH = YES;
				ONLY_ACTIVE_ARCH = YES;
				SDKROOT = iphoneos;
			};
			name = Debug;
		};
		1F13F0D02121B49200BFFC34 /* Release */ = {
			isa = XCBuildConfiguration;
			buildSettings = {
				ALWAYS_SEARCH_USER_PATHS = NO;
				CLANG_ANALYZER_NONNULL = YES;
				CLANG_ANALYZER_NUMBER_OBJECT_CONVERSION = YES_AGGRESSIVE;
				CLANG_CXX_LANGUAGE_STANDARD = "gnu++14";
				CLANG_CXX_LIBRARY = "libc++";
				CLANG_ENABLE_MODULES = YES;
				CLANG_ENABLE_OBJC_ARC = YES;
				CLANG_ENABLE_OBJC_WEAK = YES;
				CLANG_WARN_BLOCK_CAPTURE_AUTORELEASING = YES;
				CLANG_WARN_BOOL_CONVERSION = YES;
				CLANG_WARN_COMMA = YES;
				CLANG_WARN_CONSTANT_CONVERSION = YES;
				CLANG_WARN_DEPRECATED_OBJC_IMPLEMENTATIONS = YES;
				CLANG_WARN_DIRECT_OBJC_ISA_USAGE = YES_ERROR;
				CLANG_WARN_DOCUMENTATION_COMMENTS = YES;
				CLANG_WARN_EMPTY_BODY = YES;
				CLANG_WARN_ENUM_CONVERSION = YES;
				CLANG_WARN_INFINITE_RECURSION = YES;
				CLANG_WARN_INT_CONVERSION = YES;
				CLANG_WARN_NON_LITERAL_NULL_CONVERSION = YES;
				CLANG_WARN_OBJC_IMPLICIT_RETAIN_SELF = YES;
				CLANG_WARN_OBJC_LITERAL_CONVERSION = YES;
				CLANG_WARN_OBJC_ROOT_CLASS = YES_ERROR;
				CLANG_WARN_RANGE_LOOP_ANALYSIS = YES;
				CLANG_WARN_STRICT_PROTOTYPES = YES;
				CLANG_WARN_SUSPICIOUS_MOVE = YES;
				CLANG_WARN_UNGUARDED_AVAILABILITY = YES_AGGRESSIVE;
				CLANG_WARN_UNREACHABLE_CODE = YES;
				CLANG_WARN__DUPLICATE_METHOD_MATCH = YES;
				CODE_SIGN_IDENTITY = "iPhone Developer";
				COPY_PHASE_STRIP = NO;
				DEBUG_INFORMATION_FORMAT = "dwarf-with-dsym";
				ENABLE_NS_ASSERTIONS = NO;
				ENABLE_STRICT_OBJC_MSGSEND = YES;
				GCC_C_LANGUAGE_STANDARD = gnu11;
				GCC_NO_COMMON_BLOCKS = YES;
				GCC_WARN_64_TO_32_BIT_CONVERSION = YES;
				GCC_WARN_ABOUT_RETURN_TYPE = YES_ERROR;
				GCC_WARN_UNDECLARED_SELECTOR = YES;
				GCC_WARN_UNINITIALIZED_AUTOS = YES_AGGRESSIVE;
				GCC_WARN_UNUSED_FUNCTION = YES;
				GCC_WARN_UNUSED_VARIABLE = YES;
				IPHONEOS_DEPLOYMENT_TARGET = 8.0;
				MTL_ENABLE_DEBUG_INFO = NO;
				MTL_FAST_MATH = YES;
				SDKROOT = iphoneos;
				VALIDATE_PRODUCT = YES;
			};
			name = Release;
		};
		1F13F0D22121B49200BFFC34 /* Debug */ = {
			isa = XCBuildConfiguration;
			baseConfigurationReference = 13F7B5829A2AFDB134DB724A /* Pods-MonkeyDevTestDemoDylib.debug.xcconfig */;
			buildSettings = {
				CODE_SIGN_STYLE = Automatic;
				DEVELOPMENT_TEAM = 8P495P8CYG;
				DYLIB_COMPATIBILITY_VERSION = 1;
				DYLIB_CURRENT_VERSION = 1;
				ENABLE_BITCODE = NO;
				EXCLUDED_RECURSIVE_SEARCH_PATH_SUBDIRECTORIES = "*.nib *.lproj *.gch (*) .DS_Store CVS .svn .git .hg *.xcodeproj *.xcode *.pbproj *.pbxproj";
				EXECUTABLE_PREFIX = lib;
				FRAMEWORK_SEARCH_PATHS = (
					"$(inherited)",
					"$(MonkeyDevPath)/Frameworks/**",
					"$(MonkeyDevPath)/Librarys/**",
					"$(MonkeyDevTheosPath)/vendor/lib",
					"$(PROJECT_DIR)",
				);
				GCC_C_LANGUAGE_STANDARD = gnu99;
				GCC_PRECOMPILE_PREFIX_HEADER = YES;
				GCC_PREFIX_HEADER = "MonkeyDevTestDemoDylib/MonkeyDevTestDemoDylib-Prefix.pch";
				GCC_SYMBOLS_PRIVATE_EXTERN = NO;
				GCC_WARN_ABOUT_MISSING_PROTOTYPES = YES;
				GCC_WARN_ABOUT_RETURN_TYPE = YES;
				HEADER_SEARCH_PATHS = (
					"$(inherited)",
					"$(MonkeyDevPath)/include",
					"$(MonkeyDevTheosPath)/vendor/include/**",
				);
				INSTALL_PATH = "@executable_path/Frameworks/libMonkeyDevTestDemoDylib.dylib";
				LD_RUNPATH_SEARCH_PATHS = (
					"$(inherited)",
					"@executable_path/Frameworks",
				);
				LIBRARY_SEARCH_PATHS = (
					"$(inherited)",
					"$(MonkeyDevPath)/Frameworks",
					"$(MonkeyDevTheosPath)/vendor/lib/**",
				);
				MonkeyDevPath = /opt/MonkeyDev;
				MonkeyDevTheosPath = /opt/theos;
				OTHER_CFLAGS = (
					"$(inherited)",
					"-DTHEOS_INSTANCE_NAME=\"\\\"MonkeyDevTestDemoDylib\\\"\"",
				);
				OTHER_LDFLAGS = (
					"$(inherited)",
					"-weak_library",
					"/usr/lib/libc++.dylib",
					"-weak_library",
					"/usr/lib/libstdc++.dylib",
					"-weak_library",
					"$(MonkeyDevPath)/Frameworks/libsubstrate.dylib",
					"-lcycript",
					"-framework",
					RevealServer,
				);
				PRODUCT_NAME = "$(TARGET_NAME)";
				TARGETED_DEVICE_FAMILY = "1,2";
				VALIDATE_PRODUCT = NO;
			};
			name = Debug;
		};
		1F13F0D32121B49200BFFC34 /* Release */ = {
			isa = XCBuildConfiguration;
			baseConfigurationReference = 3A030A06CD117638A966FB68 /* Pods-MonkeyDevTestDemoDylib.release.xcconfig */;
			buildSettings = {
				CODE_SIGN_STYLE = Automatic;
				COPY_PHASE_STRIP = YES;
				DEVELOPMENT_TEAM = 8P495P8CYG;
				DYLIB_COMPATIBILITY_VERSION = 1;
				DYLIB_CURRENT_VERSION = 1;
				ENABLE_BITCODE = NO;
				EXCLUDED_RECURSIVE_SEARCH_PATH_SUBDIRECTORIES = "*.nib *.lproj *.gch (*) .DS_Store CVS .svn .git .hg *.xcodeproj *.xcode *.pbproj *.pbxproj";
				EXECUTABLE_PREFIX = lib;
				FRAMEWORK_SEARCH_PATHS = (
					"$(inherited)",
					"$(MonkeyDevPath)/Frameworks/**",
					"$(MonkeyDevPath)/Librarys/**",
					"$(MonkeyDevTheosPath)/vendor/lib",
					"$(PROJECT_DIR)",
				);
				GCC_C_LANGUAGE_STANDARD = gnu99;
				GCC_PRECOMPILE_PREFIX_HEADER = YES;
				GCC_PREFIX_HEADER = "MonkeyDevTestDemoDylib/MonkeyDevTestDemoDylib-Prefix.pch";
				GCC_WARN_ABOUT_MISSING_PROTOTYPES = YES;
				GCC_WARN_ABOUT_RETURN_TYPE = YES;
				HEADER_SEARCH_PATHS = (
					"$(inherited)",
					"$(MonkeyDevPath)/include",
					"$(MonkeyDevTheosPath)/vendor/include/**",
				);
				INSTALL_PATH = "@executable_path/Frameworks/libMonkeyDevTestDemoDylib.dylib";
				LD_RUNPATH_SEARCH_PATHS = (
					"$(inherited)",
					"@executable_path/Frameworks",
				);
				LIBRARY_SEARCH_PATHS = (
					"$(inherited)",
					"$(MonkeyDevPath)/Frameworks",
					"$(MonkeyDevTheosPath)/vendor/lib/**",
				);
				MonkeyDevPath = /opt/MonkeyDev;
				MonkeyDevTheosPath = /opt/theos;
				OTHER_CFLAGS = (
					"$(inherited)",
					"-DTHEOS_INSTANCE_NAME=\"\\\"MonkeyDevTestDemoDylib\\\"\"",
				);
				OTHER_LDFLAGS = (
					"$(inherited)",
					"-weak_library",
					"/usr/lib/libc++.dylib",
					"-weak_library",
					"/usr/lib/libstdc++.dylib",
					"-weak_library",
					"$(MonkeyDevPath)/Frameworks/libsubstrate.dylib",
				);
				PRODUCT_NAME = "$(TARGET_NAME)";
				TARGETED_DEVICE_FAMILY = "1,2";
			};
			name = Release;
		};
		1F13F0D52121B49200BFFC34 /* Debug */ = {
			isa = XCBuildConfiguration;
			baseConfigurationReference = 3B362C41A6A16C1B22CDC3C0 /* Pods-MonkeyDevTestDemo.debug.xcconfig */;
			buildSettings = {
				CODE_SIGN_STYLE = Automatic;
				DEVELOPMENT_TEAM = BSM53SVXL7;
				ENABLE_BITCODE = NO;
				FRAMEWORK_SEARCH_PATHS = (
					"$(inherited)",
					"$(PROJECT_DIR)",
					"$(PROJECT_DIR)/MonkeyDevTestDemo",
					"$(PROJECT_DIR)/MonkeyDevTestDemo/PTFakeTouch/PTFakeTouch",
					"$(PROJECT_DIR)/MonkeyDevTestDemo/PTFakeTouch",
					"$(PROJECT_DIR)/PTFakeTouch",
					"$(PROJECT_DIR)/PTFakeTouch/PTFakeTouch",
				);
				INFOPLIST_FILE = MonkeyDevTestDemo/Info.plist;
				IPHONEOS_DEPLOYMENT_TARGET = 9.0;
				LD_RUNPATH_SEARCH_PATHS = (
					"$(inherited)",
					"@executable_path/Frameworks",
				);
				MACH_O_TYPE = mh_dylib;
				MONKEYDEV_ADD_SUBSTRATE = YES;
				MONKEYDEV_CLASS_DUMP = NO;
				MONKEYDEV_DEFAULT_BUNDLEID = NO;
				MONKEYDEV_INSERT_DYLIB = YES;
				MONKEYDEV_RESTORE_SYMBOL = NO;
				MONKEYDEV_TARGET_APP = Optional;
				ONLY_ACTIVE_ARCH = YES;
				PODS_CONFIGURATION_BUILD_DIR = "$BUILD_DIR/$(CONFIGURATION)$(EFFECTIVE_PLATFORM_NAME)";
				PODS_ROOT = "${SRCROOT}/Pods";
				PRODUCT_BUNDLE_IDENTIFIER = CW.com.MonkeyDevTestDemo;
				PRODUCT_NAME = "$(TARGET_NAME)";
				TARGETED_DEVICE_FAMILY = "1,2";
			};
			name = Debug;
		};
		1F13F0D62121B49200BFFC34 /* Release */ = {
			isa = XCBuildConfiguration;
			baseConfigurationReference = 389C3F75BFAD63998B8D36C9 /* Pods-MonkeyDevTestDemo.release.xcconfig */;
			buildSettings = {
				CODE_SIGN_STYLE = Automatic;
				DEVELOPMENT_TEAM = BSM53SVXL7;
				ENABLE_BITCODE = NO;
				FRAMEWORK_SEARCH_PATHS = (
					"$(inherited)",
					"$(PROJECT_DIR)",
					"$(PROJECT_DIR)/MonkeyDevTestDemo",
					"$(PROJECT_DIR)/MonkeyDevTestDemo/PTFakeTouch/PTFakeTouch",
					"$(PROJECT_DIR)/MonkeyDevTestDemo/PTFakeTouch",
					"$(PROJECT_DIR)/PTFakeTouch",
					"$(PROJECT_DIR)/PTFakeTouch/PTFakeTouch",
				);
				INFOPLIST_FILE = MonkeyDevTestDemo/Info.plist;
				IPHONEOS_DEPLOYMENT_TARGET = 9.0;
				LD_RUNPATH_SEARCH_PATHS = (
					"$(inherited)",
					"@executable_path/Frameworks",
				);
				MACH_O_TYPE = mh_dylib;
				MONKEYDEV_ADD_SUBSTRATE = YES;
				MONKEYDEV_CLASS_DUMP = NO;
				MONKEYDEV_DEFAULT_BUNDLEID = NO;
				MONKEYDEV_INSERT_DYLIB = YES;
				MONKEYDEV_RESTORE_SYMBOL = NO;
				MONKEYDEV_TARGET_APP = Optional;
				ONLY_ACTIVE_ARCH = YES;
				PODS_CONFIGURATION_BUILD_DIR = "$BUILD_DIR/$(CONFIGURATION)$(EFFECTIVE_PLATFORM_NAME)";
				PODS_ROOT = "${SRCROOT}/Pods";
				PRODUCT_BUNDLE_IDENTIFIER = CW.com.MonkeyDevTestDemo;
				PRODUCT_NAME = "$(TARGET_NAME)";
				TARGETED_DEVICE_FAMILY = "1,2";
			};
			name = Release;
		};
/* End XCBuildConfiguration section */

/* Begin XCConfigurationList section */
		1F13F0812121B49100BFFC34 /* Build configuration list for PBXProject "MonkeyDevTestDemo" */ = {
			isa = XCConfigurationList;
			buildConfigurations = (
				1F13F0CF2121B49200BFFC34 /* Debug */,
				1F13F0D02121B49200BFFC34 /* Release */,
			);
			defaultConfigurationIsVisible = 0;
			defaultConfigurationName = Release;
		};
		1F13F0D12121B49200BFFC34 /* Build configuration list for PBXNativeTarget "MonkeyDevTestDemoDylib" */ = {
			isa = XCConfigurationList;
			buildConfigurations = (
				1F13F0D22121B49200BFFC34 /* Debug */,
				1F13F0D32121B49200BFFC34 /* Release */,
			);
			defaultConfigurationIsVisible = 0;
			defaultConfigurationName = Release;
		};
		1F13F0D42121B49200BFFC34 /* Build configuration list for PBXNativeTarget "MonkeyDevTestDemo" */ = {
			isa = XCConfigurationList;
			buildConfigurations = (
				1F13F0D52121B49200BFFC34 /* Debug */,
				1F13F0D62121B49200BFFC34 /* Release */,
			);
			defaultConfigurationIsVisible = 0;
			defaultConfigurationName = Release;
		};
/* End XCConfigurationList section */
	};
	rootObject = 1F13F07E2121B49100BFFC34 /* Project object */;
}
